# generated by rye
# use `rye lock` or `rye sync` to update this lockfile
#
# last locked with the following flags:
#   pre: false
#   features: []
#   all-features: false
#   with-sources: false
#   generate-hashes: false
#   universal: true

asgiref==3.8.1
    # via django
    # via django-browser-reload
django==5.1.2
    # via django-browser-reload
    # via django-tailwind
django-browser-reload==1.16.0
    # via django-tailwind
django-tailwind==3.8.0
sqlparse==0.5.1
    # via django
tzdata==2024.2 ; sys_platform == 'win32'
    # via django
